
Microsoft Visual Studio Solution File, Format Version 12.00
# Visual Studio Version 17
VisualStudioVersion = 17.4.33205.214
MinimumVisualStudioVersion = 10.0.40219.1
Project("{FAE04EC0-301F-11D3-BF4B-00C04F79EFBC}") = "server", "server\server.csproj", "{4DC11C8C-A925-4809-A84E-D8A48276C46F}"
EndProject
Global
	GlobalSection(SolutionConfigurationPlatforms) = preSolution
		Debug|Any CPU = Debug|Any CPU
		Release|Any CPU = Release|Any CPU
	EndGlobalSection
	GlobalSection(ProjectConfigurationPlatforms) = postSolution
		{4DC11C8C-A925-4809-A84E-D8A48276C46F}.Debug|Any CPU.ActiveCfg = Debug|Any CPU
		{4DC11C8C-A925-4809-A84E-D8A48276C46F}.Debug|Any CPU.Build.0 = Debug|Any CPU
		{4DC11C8C-A925-4809-A84E-D8A48276C46F}.Release|Any CPU.ActiveCfg = Release|Any CPU
		{4DC11C8C-A925-4809-A84E-D8A48276C46F}.Release|Any CPU.Build.0 = Release|Any CPU
	EndGlobalSection
	GlobalSection(SolutionProperties) = preSolution
		HideSolutionNode = FALSE
	EndGlobalSection
	GlobalSection(ExtensibilityGlobals) = postSolution
		SolutionGuid = {06632F62-97DD-4CE6-A4E7-E5C90E202691}
	EndGlobalSection
EndGlobal
